
Microsoft Visual Studio Solution File, Format Version 12.00
# Visual Studio Version 17
VisualStudioVersion = 17.7.34009.444
MinimumVisualStudioVersion = 10.0.40219.1
Project("{FAE04EC0-301F-11D3-BF4B-00C04F79EFBC}") = "ConsoleApp1", "ConsoleApp1.csproj", "{34E2CCB9-9B27-4CDC-B2BA-14398CE849C8}"
EndProject
Global
	GlobalSection(SolutionConfigurationPlatforms) = preSolution
		Debug|Any CPU = Debug|Any CPU
		Release|Any CPU = Release|Any CPU
	EndGlobalSection
	GlobalSection(ProjectConfigurationPlatforms) = postSolution
		{34E2CCB9-9B27-4CDC-B2BA-14398CE849C8}.Debug|Any CPU.ActiveCfg = Debug|Any CPU
		{34E2CCB9-9B27-4CDC-B2BA-14398CE849C8}.Debug|Any CPU.Build.0 = Debug|Any CPU
		{34E2CCB9-9B27-4CDC-B2BA-14398CE849C8}.Release|Any CPU.ActiveCfg = Release|Any CPU
		{34E2CCB9-9B27-4CDC-B2BA-14398CE849C8}.Release|Any CPU.Build.0 = Release|Any CPU
	EndGlobalSection
	GlobalSection(SolutionProperties) = preSolution
		HideSolutionNode = FALSE
	EndGlobalSection
	GlobalSection(ExtensibilityGlobals) = postSolution
		SolutionGuid = {36189668-5BA7-4A68-9951-63F3A208799E}
	EndGlobalSection
EndGlobal
